
Microsoft Visual Studio Solution File, Format Version 12.00
# Visual Studio Version 16
VisualStudioVersion = 16.0.31313.79
MinimumVisualStudioVersion = 10.0.40219.1
Project("{FAE04EC0-301F-11D3-BF4B-00C04F79EFBC}") = "API", "API\API.csproj", "{6ACD577B-BD6B-42BE-85CC-B9962DBFA16C}"
EndProject
Global
	GlobalSection(SolutionConfigurationPlatforms) = preSolution
		Debug|Any CPU = Debug|Any CPU
		Release|Any CPU = Release|Any CPU
	EndGlobalSection
	GlobalSection(ProjectConfigurationPlatforms) = postSolution
		{6ACD577B-BD6B-42BE-85CC-B9962DBFA16C}.Debug|Any CPU.ActiveCfg = Debug|Any CPU
		{6ACD577B-BD6B-42BE-85CC-B9962DBFA16C}.Debug|Any CPU.Build.0 = Debug|Any CPU
		{6ACD577B-BD6B-42BE-85CC-B9962DBFA16C}.Release|Any CPU.ActiveCfg = Release|Any CPU
		{6ACD577B-BD6B-42BE-85CC-B9962DBFA16C}.Release|Any CPU.Build.0 = Release|Any CPU
	EndGlobalSection
	GlobalSection(SolutionProperties) = preSolution
		HideSolutionNode = FALSE
	EndGlobalSection
	GlobalSection(ExtensibilityGlobals) = postSolution
		SolutionGuid = {FF42C6BC-59E6-4263-91E4-05E6B2F43F80}
	EndGlobalSection
EndGlobal
